
Microsoft Visual Studio Solution File, Format Version 12.00
# Visual Studio Version 17
VisualStudioVersion = 17.14.36109.1 d17.14
MinimumVisualStudioVersion = 10.0.40219.1
Project("{FAE04EC0-301F-11D3-BF4B-00C04F79EFBC}") = "bookworm-api", "bookworm-api.csproj", "{22FBA82B-AD3C-4E44-A99D-FF140D2B391A}"
EndProject
Global
	GlobalSection(SolutionConfigurationPlatforms) = preSolution
		Debug|Any CPU = Debug|Any CPU
		Release|Any CPU = Release|Any CPU
	EndGlobalSection
	GlobalSection(ProjectConfigurationPlatforms) = postSolution
		{22FBA82B-AD3C-4E44-A99D-FF140D2B391A}.Debug|Any CPU.ActiveCfg = Debug|Any CPU
		{22FBA82B-AD3C-4E44-A99D-FF140D2B391A}.Debug|Any CPU.Build.0 = Debug|Any CPU
		{22FBA82B-AD3C-4E44-A99D-FF140D2B391A}.Release|Any CPU.ActiveCfg = Release|Any CPU
		{22FBA82B-AD3C-4E44-A99D-FF140D2B391A}.Release|Any CPU.Build.0 = Release|Any CPU
	EndGlobalSection
	GlobalSection(SolutionProperties) = preSolution
		HideSolutionNode = FALSE
	EndGlobalSection
	GlobalSection(ExtensibilityGlobals) = postSolution
		SolutionGuid = {CFBBA048-9633-43F5-9BC7-7920E2D6AEE2}
	EndGlobalSection
EndGlobal
